
Microsoft Visual Studio Solution File, Format Version 12.00
# Visual Studio Version 17
VisualStudioVersion = 17.14.36623.8 d17.14
MinimumVisualStudioVersion = 10.0.40219.1
Project("{8BC9CEB8-8B4A-11D0-8D11-00A0C91BC942}") = "获取一个二进制的奇数位和而偶数位分别打印", "获取一个二进制的奇数位和而偶数位分别打印.vcxproj", "{B3C4A59D-0967-4B2C-8E4A-66D451E32987}"
EndProject
Global
	GlobalSection(SolutionConfigurationPlatforms) = preSolution
		Debug|x64 = Debug|x64
		Debug|x86 = Debug|x86
		Release|x64 = Release|x64
		Release|x86 = Release|x86
	EndGlobalSection
	GlobalSection(ProjectConfigurationPlatforms) = postSolution
		{B3C4A59D-0967-4B2C-8E4A-66D451E32987}.Debug|x64.ActiveCfg = Debug|x64
		{B3C4A59D-0967-4B2C-8E4A-66D451E32987}.Debug|x64.Build.0 = Debug|x64
		{B3C4A59D-0967-4B2C-8E4A-66D451E32987}.Debug|x86.ActiveCfg = Debug|Win32
		{B3C4A59D-0967-4B2C-8E4A-66D451E32987}.Debug|x86.Build.0 = Debug|Win32
		{B3C4A59D-0967-4B2C-8E4A-66D451E32987}.Release|x64.ActiveCfg = Release|x64
		{B3C4A59D-0967-4B2C-8E4A-66D451E32987}.Release|x64.Build.0 = Release|x64
		{B3C4A59D-0967-4B2C-8E4A-66D451E32987}.Release|x86.ActiveCfg = Release|Win32
		{B3C4A59D-0967-4B2C-8E4A-66D451E32987}.Release|x86.Build.0 = Release|Win32
	EndGlobalSection
	GlobalSection(SolutionProperties) = preSolution
		HideSolutionNode = FALSE
	EndGlobalSection
	GlobalSection(ExtensibilityGlobals) = postSolution
		SolutionGuid = {AB5A9B7B-8718-4676-B28A-9D8E30158BD1}
	EndGlobalSection
EndGlobal
